
Microsoft Visual Studio Solution File, Format Version 12.00
# Visual Studio Version 16
VisualStudioVersion = 16.0.30517.126
MinimumVisualStudioVersion = 10.0.40219.1
Project("{FAE04EC0-301F-11D3-BF4B-00C04F79EFBC}") = "RentalKendaraan_082", "RentalKendaraan_082\RentalKendaraan_082.csproj", "{1E99ACD6-A6EB-41B1-A68B-214DD7A1067D}"
EndProject
Global
	GlobalSection(SolutionConfigurationPlatforms) = preSolution
		Debug|Any CPU = Debug|Any CPU
		Release|Any CPU = Release|Any CPU
	EndGlobalSection
	GlobalSection(ProjectConfigurationPlatforms) = postSolution
		{1E99ACD6-A6EB-41B1-A68B-214DD7A1067D}.Debug|Any CPU.ActiveCfg = Debug|Any CPU
		{1E99ACD6-A6EB-41B1-A68B-214DD7A1067D}.Debug|Any CPU.Build.0 = Debug|Any CPU
		{1E99ACD6-A6EB-41B1-A68B-214DD7A1067D}.Release|Any CPU.ActiveCfg = Release|Any CPU
		{1E99ACD6-A6EB-41B1-A68B-214DD7A1067D}.Release|Any CPU.Build.0 = Release|Any CPU
	EndGlobalSection
	GlobalSection(SolutionProperties) = preSolution
		HideSolutionNode = FALSE
	EndGlobalSection
	GlobalSection(ExtensibilityGlobals) = postSolution
		SolutionGuid = {82D51356-1B09-4A98-88AF-E44AC3AFA11D}
	EndGlobalSection
EndGlobal
